Microsoft Visual Studio Solution File, Format Version 11.00
# Visual Studio 2008

Project("{9AA1B039-3489-3D71-34A6-60AF4204F2A9}") = "Server", "Assembly-CSharp.csproj", "{4F4579B2-A4D7-3DB0-79A1-9E3D45589605}"
EndProject
Project("{9AA1B039-3489-3D71-34A6-60AF4204F2A9}") = "Server", "Assembly-CSharp-Editor.csproj", "{387AC22C-C658-80AB-9C98-F8AC5082FD64}"
EndProject
Global
	GlobalSection(SolutionConfigurationPlatforms) = preSolution
		Debug|Any CPU = Debug|Any CPU
		Release|Any CPU = Release|Any CPU
	EndGlobalSection
	GlobalSection(ProjectConfigurationPlatforms) = postSolution
		{4F4579B2-A4D7-3DB0-79A1-9E3D45589605}.Debug|Any CPU.ActiveCfg = Debug|Any CPU
		{4F4579B2-A4D7-3DB0-79A1-9E3D45589605}.Debug|Any CPU.Build.0 = Debug|Any CPU
		{4F4579B2-A4D7-3DB0-79A1-9E3D45589605}.Release|Any CPU.ActiveCfg = Release|Any CPU
		{4F4579B2-A4D7-3DB0-79A1-9E3D45589605}.Release|Any CPU.Build.0 = Release|Any CPU
		{387AC22C-C658-80AB-9C98-F8AC5082FD64}.Debug|Any CPU.ActiveCfg = Debug|Any CPU
		{387AC22C-C658-80AB-9C98-F8AC5082FD64}.Debug|Any CPU.Build.0 = Debug|Any CPU
		{387AC22C-C658-80AB-9C98-F8AC5082FD64}.Release|Any CPU.ActiveCfg = Release|Any CPU
		{387AC22C-C658-80AB-9C98-F8AC5082FD64}.Release|Any CPU.Build.0 = Release|Any CPU
	EndGlobalSection
	GlobalSection(SolutionProperties) = preSolution
		HideSolutionNode = FALSE
	EndGlobalSection
	GlobalSection(MonoDevelopProperties) = preSolution
		StartupItem = Assembly-CSharp.csproj
	EndGlobalSection
EndGlobal
