Microsoft Visual Studio Solution File, Format Version 11.00
# Visual Studio 2008

Project("{7A95F730-0224-63C4-F660-B894719027D3}") = "StudentClient", "Assembly-CSharp.csproj", "{0093A431-2A05-2CE6-A67C-25F557FBCFA6}"
EndProject
Global
	GlobalSection(SolutionConfigurationPlatforms) = preSolution
		Debug|Any CPU = Debug|Any CPU
		Release|Any CPU = Release|Any CPU
	EndGlobalSection
	GlobalSection(ProjectConfigurationPlatforms) = postSolution
		{0093A431-2A05-2CE6-A67C-25F557FBCFA6}.Debug|Any CPU.ActiveCfg = Debug|Any CPU
		{0093A431-2A05-2CE6-A67C-25F557FBCFA6}.Debug|Any CPU.Build.0 = Debug|Any CPU
		{0093A431-2A05-2CE6-A67C-25F557FBCFA6}.Release|Any CPU.ActiveCfg = Release|Any CPU
		{0093A431-2A05-2CE6-A67C-25F557FBCFA6}.Release|Any CPU.Build.0 = Release|Any CPU
	EndGlobalSection
	GlobalSection(SolutionProperties) = preSolution
		HideSolutionNode = FALSE
	EndGlobalSection
	GlobalSection(MonoDevelopProperties) = preSolution
		StartupItem = Assembly-CSharp.csproj
	EndGlobalSection
EndGlobal
