
Microsoft Visual Studio Solution File, Format Version 12.00
# Visual Studio 2015
Project("{FAE04EC0-301F-11D3-BF4B-00C04F79EFBC}") = "StudentClient", "StudentClient.csproj", "{60BBAD43-D7AF-3BF2-A5FC-DDBEA4038FC8}"
EndProject
Project("{FAE04EC0-301F-11D3-BF4B-00C04F79EFBC}") = "StudentClient.Editor", "StudentClient.Editor.csproj", "{81E08D5D-78F3-59CE-31AF-6C17F62B2F3D}"
EndProject
Global
	GlobalSection(SolutionConfigurationPlatforms) = preSolution
		Debug|Any CPU = Debug|Any CPU
		Release|Any CPU = Release|Any CPU
	EndGlobalSection
	GlobalSection(ProjectConfigurationPlatforms) = postSolution
		{60BBAD43-D7AF-3BF2-A5FC-DDBEA4038FC8}.Debug|Any CPU.ActiveCfg = Debug|Any CPU
		{60BBAD43-D7AF-3BF2-A5FC-DDBEA4038FC8}.Debug|Any CPU.Build.0 = Debug|Any CPU
		{60BBAD43-D7AF-3BF2-A5FC-DDBEA4038FC8}.Release|Any CPU.ActiveCfg = Release|Any CPU
		{60BBAD43-D7AF-3BF2-A5FC-DDBEA4038FC8}.Release|Any CPU.Build.0 = Release|Any CPU
		{81E08D5D-78F3-59CE-31AF-6C17F62B2F3D}.Debug|Any CPU.ActiveCfg = Debug|Any CPU
		{81E08D5D-78F3-59CE-31AF-6C17F62B2F3D}.Debug|Any CPU.Build.0 = Debug|Any CPU
		{81E08D5D-78F3-59CE-31AF-6C17F62B2F3D}.Release|Any CPU.ActiveCfg = Release|Any CPU
		{81E08D5D-78F3-59CE-31AF-6C17F62B2F3D}.Release|Any CPU.Build.0 = Release|Any CPU
	EndGlobalSection
	GlobalSection(SolutionProperties) = preSolution
		HideSolutionNode = FALSE
	EndGlobalSection
EndGlobal
